
Microsoft Visual Studio Solution File, Format Version 12.00
# Visual Studio Version 17
VisualStudioVersion = 17.2.32505.173
MinimumVisualStudioVersion = 10.0.40219.1
Project("{FAE04EC0-301F-11D3-BF4B-00C04F79EFBC}") = "MathTask", "MathTask.csproj", "{A322DFD9-4351-425A-9CF0-0E59AE776920}"
EndProject
Project("{FAE04EC0-301F-11D3-BF4B-00C04F79EFBC}") = "MathTaskTests", "..\MathTaskTests\MathTaskTests.csproj", "{AF49FE56-857E-48B8-8BA2-1D392A517F6D}"
EndProject
Global
	GlobalSection(SolutionConfigurationPlatforms) = preSolution
		Debug|Any CPU = Debug|Any CPU
		Release|Any CPU = Release|Any CPU
	EndGlobalSection
	GlobalSection(ProjectConfigurationPlatforms) = postSolution
		{A322DFD9-4351-425A-9CF0-0E59AE776920}.Debug|Any CPU.ActiveCfg = Debug|Any CPU
		{A322DFD9-4351-425A-9CF0-0E59AE776920}.Debug|Any CPU.Build.0 = Debug|Any CPU
		{A322DFD9-4351-425A-9CF0-0E59AE776920}.Release|Any CPU.ActiveCfg = Release|Any CPU
		{A322DFD9-4351-425A-9CF0-0E59AE776920}.Release|Any CPU.Build.0 = Release|Any CPU
		{AF49FE56-857E-48B8-8BA2-1D392A517F6D}.Debug|Any CPU.ActiveCfg = Debug|Any CPU
		{AF49FE56-857E-48B8-8BA2-1D392A517F6D}.Debug|Any CPU.Build.0 = Debug|Any CPU
		{AF49FE56-857E-48B8-8BA2-1D392A517F6D}.Release|Any CPU.ActiveCfg = Release|Any CPU
		{AF49FE56-857E-48B8-8BA2-1D392A517F6D}.Release|Any CPU.Build.0 = Release|Any CPU
	EndGlobalSection
	GlobalSection(SolutionProperties) = preSolution
		HideSolutionNode = FALSE
	EndGlobalSection
	GlobalSection(ExtensibilityGlobals) = postSolution
		SolutionGuid = {10CB01C8-AEBD-400B-B45D-4A826E8EB681}
	EndGlobalSection
EndGlobal
